// !$*UTF8*$!
{
	archiveVersion = 1;
	classes = {
	};
	objectVersion = 46;
	objects = {

/* Begin PBXBuildFile section */
		1A0136771C2461010029FE1E /* info.png in Resources */ = {isa = PBXBuildFile; fileRef = 1A0136761C2461010029FE1E /* info.png */; };
		1A381D781C0E2D07009C33E5 /* StoryViewController.swift in Sources */ = {isa = PBXBuildFile; fileRef = 1A381D771C0E2D07009C33E5 /* StoryViewController.swift */; };
		1A381D7A1C0E346C009C33E5 /* LocationViewController.swift in Sources */ = {isa = PBXBuildFile; fileRef = 1A381D791C0E346C009C33E5 /* LocationViewController.swift */; };
		1A381D851C0E48CE009C33E5 /* PAGE TEN.png in Resources */ = {isa = PBXBuildFile; fileRef = 1A381D7B1C0E48CE009C33E5 /* PAGE TEN.png */; };
		1A381D861C0E48CE009C33E5 /* PAGE NINE.png in Resources */ = {isa = PBXBuildFile; fileRef = 1A381D7C1C0E48CE009C33E5 /* PAGE NINE.png */; };
		1A381D871C0E48CE009C33E5 /* PAGE SEVEN.png in Resources */ = {isa = PBXBuildFile; fileRef = 1A381D7D1C0E48CE009C33E5 /* PAGE SEVEN.png */; };
		1A381D881C0E48CE009C33E5 /* PAGE EIGHT.png in Resources */ = {isa = PBXBuildFile; fileRef = 1A381D7E1C0E48CE009C33E5 /* PAGE EIGHT.png */; };
		1A381D891C0E48CE009C33E5 /* PAGE SIX.png in Resources */ = {isa = PBXBuildFile; fileRef = 1A381D7F1C0E48CE009C33E5 /* PAGE SIX.png */; };
		1A381D8A1C0E48CE009C33E5 /* PAGE FIVE.png in Resources */ = {isa = PBXBuildFile; fileRef = 1A381D801C0E48CE009C33E5 /* PAGE FIVE.png */; };
		1A381D8B1C0E48CE009C33E5 /* PAGE FOUR.png in Resources */ = {isa = PBXBuildFile; fileRef = 1A381D811C0E48CE009C33E5 /* PAGE FOUR.png */; };
		1A381D8C1C0E48CE009C33E5 /* PAGE THREE.png in Resources */ = {isa = PBXBuildFile; fileRef = 1A381D821C0E48CE009C33E5 /* PAGE THREE.png */; };
		1A381D8D1C0E48CE009C33E5 /* PAGE TWO.png in Resources */ = {isa = PBXBuildFile; fileRef = 1A381D831C0E48CE009C33E5 /* PAGE TWO.png */; };
		1A381D8E1C0E48CE009C33E5 /* PAGE ONE.png in Resources */ = {isa = PBXBuildFile; fileRef = 1A381D841C0E48CE009C33E5 /* PAGE ONE.png */; };
		1A44971A1C0773EA00D0E2D5 /* 76x76.png in Resources */ = {isa = PBXBuildFile; fileRef = 1A4497131C0773EA00D0E2D5 /* 76x76.png */; };
		1A44971B1C0773EA00D0E2D5 /* 120x120.png in Resources */ = {isa = PBXBuildFile; fileRef = 1A4497141C0773EA00D0E2D5 /* 120x120.png */; };
		1A44971C1C0773EA00D0E2D5 /* 152x152.png in Resources */ = {isa = PBXBuildFile; fileRef = 1A4497151C0773EA00D0E2D5 /* 152x152.png */; };
		1A44971D1C0773EA00D0E2D5 /* 167x167.png in Resources */ = {isa = PBXBuildFile; fileRef = 1A4497161C0773EA00D0E2D5 /* 167x167.png */; };
		1A44971E1C0773EA00D0E2D5 /* 180x180.png in Resources */ = {isa = PBXBuildFile; fileRef = 1A4497171C0773EA00D0E2D5 /* 180x180.png */; };
		1A44971F1C0773EA00D0E2D5 /* 1024x1024.png in Resources */ = {isa = PBXBuildFile; fileRef = 1A4497181C0773EA00D0E2D5 /* 1024x1024.png */; };
		1A4497201C0773EA00D0E2D5 /* 1024x1024.psd in Resources */ = {isa = PBXBuildFile; fileRef = 1A4497191C0773EA00D0E2D5 /* 1024x1024.psd */; };
		1A4497221C0774B500D0E2D5 /* 58x58.png in Resources */ = {isa = PBXBuildFile; fileRef = 1A4497211C0774B500D0E2D5 /* 58x58.png */; };
		1A4497241C07750900D0E2D5 /* 80x80.png in Resources */ = {isa = PBXBuildFile; fileRef = 1A4497231C07750900D0E2D5 /* 80x80.png */; };
		1A4497261C07759900D0E2D5 /* 29x29.png in Resources */ = {isa = PBXBuildFile; fileRef = 1A4497251C07759900D0E2D5 /* 29x29.png */; };
		1A4497281C0775AE00D0E2D5 /* 40x40.png in Resources */ = {isa = PBXBuildFile; fileRef = 1A4497271C0775AE00D0E2D5 /* 40x40.png */; };
		1A44972C1C07776000D0E2D5 /* 87x87.png in Resources */ = {isa = PBXBuildFile; fileRef = 1A44972B1C07776000D0E2D5 /* 87x87.png */; };
		1A4497331C0780FD00D0E2D5 /* nav.png in Resources */ = {isa = PBXBuildFile; fileRef = 1A4497311C0780FD00D0E2D5 /* nav.png */; };
		1A4497341C0780FD00D0E2D5 /* book.png in Resources */ = {isa = PBXBuildFile; fileRef = 1A4497321C0780FD00D0E2D5 /* book.png */; };
		1A4497361C078AEF00D0E2D5 /* loading.png in Resources */ = {isa = PBXBuildFile; fileRef = 1A4497351C078AEF00D0E2D5 /* loading.png */; };
		1A4497381C07946F00D0E2D5 /* NavigationViewController.swift in Sources */ = {isa = PBXBuildFile; fileRef = 1A4497371C07946F00D0E2D5 /* NavigationViewController.swift */; };
		1A44973A1C07B81700D0E2D5 /* BournemouthLoop.gpx in Resources */ = {isa = PBXBuildFile; fileRef = 1A4497391C07B81700D0E2D5 /* BournemouthLoop.gpx */; };
		1A7706571C0722E8002DCD24 /* AppDelegate.swift in Sources */ = {isa = PBXBuildFile; fileRef = 1A7706561C0722E8002DCD24 /* AppDelegate.swift */; };
		1A7706591C0722E8002DCD24 /* ViewController.swift in Sources */ = {isa = PBXBuildFile; fileRef = 1A7706581C0722E8002DCD24 /* ViewController.swift */; };
		1A77065C1C0722E8002DCD24 /* Main.storyboard in Resources */ = {isa = PBXBuildFile; fileRef = 1A77065A1C0722E8002DCD24 /* Main.storyboard */; };
		1A77065E1C0722E8002DCD24 /* Assets.xcassets in Resources */ = {isa = PBXBuildFile; fileRef = 1A77065D1C0722E8002DCD24 /* Assets.xcassets */; };
		1A7706611C0722E8002DCD24 /* LaunchScreen.storyboard in Resources */ = {isa = PBXBuildFile; fileRef = 1A77065F1C0722E8002DCD24 /* LaunchScreen.storyboard */; };
		1A77066C1C0722E8002DCD24 /* Geo_TellingTests.swift in Sources */ = {isa = PBXBuildFile; fileRef = 1A77066B1C0722E8002DCD24 /* Geo_TellingTests.swift */; };
		1A7706771C0722E8002DCD24 /* Geo_TellingUITests.swift in Sources */ = {isa = PBXBuildFile; fileRef = 1A7706761C0722E8002DCD24 /* Geo_TellingUITests.swift */; };
		1AC8DE591C0F88070000C089 /* FILLER BOOK TWO.png in Resources */ = {isa = PBXBuildFile; fileRef = 1AC8DE581C0F88070000C089 /* FILLER BOOK TWO.png */; };
		1AC8DE5B1C0F91D10000C089 /* FILLER BOOKS TWO.png in Resources */ = {isa = PBXBuildFile; fileRef = 1AC8DE5A1C0F91D10000C089 /* FILLER BOOKS TWO.png */; };
		1AD7E1BC1C0CF05B00FEC07D /* BOOK FOUR.png in Resources */ = {isa = PBXBuildFile; fileRef = 1AD7E1B81C0CF05B00FEC07D /* BOOK FOUR.png */; };
		1AD7E1BD1C0CF05B00FEC07D /* BOOK THREE.png in Resources */ = {isa = PBXBuildFile; fileRef = 1AD7E1B91C0CF05B00FEC07D /* BOOK THREE.png */; };
		1AD7E1BE1C0CF05B00FEC07D /* BOOK TWO.png in Resources */ = {isa = PBXBuildFile; fileRef = 1AD7E1BA1C0CF05B00FEC07D /* BOOK TWO.png */; };
		1AD7E1BF1C0CF05B00FEC07D /* BOOK ONE.png in Resources */ = {isa = PBXBuildFile; fileRef = 1AD7E1BB1C0CF05B00FEC07D /* BOOK ONE.png */; };
		1AD7E1C11C0CF29B00FEC07D /* BACKGROUND.png in Resources */ = {isa = PBXBuildFile; fileRef = 1AD7E1C01C0CF29B00FEC07D /* BACKGROUND.png */; };
		1AD7E1C51C0CF42200FEC07D /* FILLER BOOKS.png in Resources */ = {isa = PBXBuildFile; fileRef = 1AD7E1C41C0CF42200FEC07D /* FILLER BOOKS.png */; };
		1AD7E1C71C0CF85D00FEC07D /* FILLER BOOK.png in Resources */ = {isa = PBXBuildFile; fileRef = 1AD7E1C61C0CF85D00FEC07D /* FILLER BOOK.png */; };
		1AD7E1C91C0D02D200FEC07D /* SHELF.png in Resources */ = {isa = PBXBuildFile; fileRef = 1AD7E1C81C0D02D200FEC07D /* SHELF.png */; };
/* End PBXBuildFile section */

/* Begin PBXContainerItemProxy section */
		1A7706681C0722E8002DCD24 /* PBXContainerItemProxy */ = {
			isa = PBXContainerItemProxy;
			containerPortal = 1A77064B1C0722E8002DCD24 /* Project object */;
			proxyType = 1;
			remoteGlobalIDString = 1A7706521C0722E8002DCD24;
			remoteInfo = "Geo Telling";
		};
		1A7706731C0722E8002DCD24 /* PBXContainerItemProxy */ = {
			isa = PBXContainerItemProxy;
			containerPortal = 1A77064B1C0722E8002DCD24 /* Project object */;
			proxyType = 1;
			remoteGlobalIDString = 1A7706521C0722E8002DCD24;
			remoteInfo = "Geo Telling";
		};
/* End PBXContainerItemProxy section */

/* Begin PBXFileReference section */
		1A0136761C2461010029FE1E /* info.png */ = {isa = PBXFileReference; lastKnownFileType = image.png; path = info.png; sourceTree = "<group>"; };
		1A381D771C0E2D07009C33E5 /* StoryViewController.swift */ = {isa = PBXFileReference; fileEncoding = 4; lastKnownFileType = sourcecode.swift; path = StoryViewController.swift; sourceTree = "<group>"; };
		1A381D791C0E346C009C33E5 /* LocationViewController.swift */ = {isa = PBXFileReference; fileEncoding = 4; lastKnownFileType = sourcecode.swift; path = LocationViewController.swift; sourceTree = "<group>"; };
		1A381D7B1C0E48CE009C33E5 /* PAGE TEN.png */ = {isa = PBXFileReference; lastKnownFileType = image.png; path = "PAGE TEN.png"; sourceTree = "<group>"; };
		1A381D7C1C0E48CE009C33E5 /* PAGE NINE.png */ = {isa = PBXFileReference; lastKnownFileType = image.png; path = "PAGE NINE.png"; sourceTree = "<group>"; };
		1A381D7D1C0E48CE009C33E5 /* PAGE SEVEN.png */ = {isa = PBXFileReference; lastKnownFileType = image.png; path = "PAGE SEVEN.png"; sourceTree = "<group>"; };
		1A381D7E1C0E48CE009C33E5 /* PAGE EIGHT.png */ = {isa = PBXFileReference; lastKnownFileType = image.png; path = "PAGE EIGHT.png"; sourceTree = "<group>"; };
		1A381D7F1C0E48CE009C33E5 /* PAGE SIX.png */ = {isa = PBXFileReference; lastKnownFileType = image.png; path = "PAGE SIX.png"; sourceTree = "<group>"; };
		1A381D801C0E48CE009C33E5 /* PAGE FIVE.png */ = {isa = PBXFileReference; lastKnownFileType = image.png; path = "PAGE FIVE.png"; sourceTree = "<group>"; };
		1A381D811C0E48CE009C33E5 /* PAGE FOUR.png */ = {isa = PBXFileReference; lastKnownFileType = image.png; path = "PAGE FOUR.png"; sourceTree = "<group>"; };
		1A381D821C0E48CE009C33E5 /* PAGE THREE.png */ = {isa = PBXFileReference; lastKnownFileType = image.png; path = "PAGE THREE.png"; sourceTree = "<group>"; };
		1A381D831C0E48CE009C33E5 /* PAGE TWO.png */ = {isa = PBXFileReference; lastKnownFileType = image.png; path = "PAGE TWO.png"; sourceTree = "<group>"; };
		1A381D841C0E48CE009C33E5 /* PAGE ONE.png */ = {isa = PBXFileReference; lastKnownFileType = image.png; path = "PAGE ONE.png"; sourceTree = "<group>"; };
		1A4497131C0773EA00D0E2D5 /* 76x76.png */ = {isa = PBXFileReference; lastKnownFileType = image.png; path = 76x76.png; sourceTree = "<group>"; };
		1A4497141C0773EA00D0E2D5 /* 120x120.png */ = {isa = PBXFileReference; lastKnownFileType = image.png; path = 120x120.png; sourceTree = "<group>"; };
		1A4497151C0773EA00D0E2D5 /* 152x152.png */ = {isa = PBXFileReference; lastKnownFileType = image.png; path = 152x152.png; sourceTree = "<group>"; };
		1A4497161C0773EA00D0E2D5 /* 167x167.png */ = {isa = PBXFileReference; lastKnownFileType = image.png; path = 167x167.png; sourceTree = "<group>"; };
		1A4497171C0773EA00D0E2D5 /* 180x180.png */ = {isa = PBXFileReference; lastKnownFileType = image.png; path = 180x180.png; sourceTree = "<group>"; };
		1A4497181C0773EA00D0E2D5 /* 1024x1024.png */ = {isa = PBXFileReference; lastKnownFileType = image.png; path = 1024x1024.png; sourceTree = "<group>"; };
		1A4497191C0773EA00D0E2D5 /* 1024x1024.psd */ = {isa = PBXFileReference; lastKnownFileType = file; path = 1024x1024.psd; sourceTree = "<group>"; };
		1A4497211C0774B500D0E2D5 /* 58x58.png */ = {isa = PBXFileReference; lastKnownFileType = image.png; path = 58x58.png; sourceTree = "<group>"; };
		1A4497231C07750900D0E2D5 /* 80x80.png */ = {isa = PBXFileReference; lastKnownFileType = image.png; path = 80x80.png; sourceTree = "<group>"; };
		1A4497251C07759900D0E2D5 /* 29x29.png */ = {isa = PBXFileReference; lastKnownFileType = image.png; path = 29x29.png; sourceTree = "<group>"; };
		1A4497271C0775AE00D0E2D5 /* 40x40.png */ = {isa = PBXFileReference; lastKnownFileType = image.png; path = 40x40.png; sourceTree = "<group>"; };
		1A44972B1C07776000D0E2D5 /* 87x87.png */ = {isa = PBXFileReference; lastKnownFileType = image.png; path = 87x87.png; sourceTree = "<group>"; };
		1A4497311C0780FD00D0E2D5 /* nav.png */ = {isa = PBXFileReference; lastKnownFileType = image.png; path = nav.png; sourceTree = "<group>"; };
		1A4497321C0780FD00D0E2D5 /* book.png */ = {isa = PBXFileReference; lastKnownFileType = image.png; path = book.png; sourceTree = "<group>"; };
		1A4497351C078AEF00D0E2D5 /* loading.png */ = {isa = PBXFileReference; lastKnownFileType = image.png; path = loading.png; sourceTree = "<group>"; };
		1A4497371C07946F00D0E2D5 /* NavigationViewController.swift */ = {isa = PBXFileReference; fileEncoding = 4; lastKnownFileType = sourcecode.swift; path = NavigationViewController.swift; sourceTree = "<group>"; };
		1A4497391C07B81700D0E2D5 /* BournemouthLoop.gpx */ = {isa = PBXFileReference; fileEncoding = 4; lastKnownFileType = text.xml; path = BournemouthLoop.gpx; sourceTree = "<group>"; };
		1A7706531C0722E8002DCD24 /* Geo Telling.app */ = {isa = PBXFileReference; explicitFileType = wrapper.application; includeInIndex = 0; path = "Geo Telling.app"; sourceTree = BUILT_PRODUCTS_DIR; };
		1A7706561C0722E8002DCD24 /* AppDelegate.swift */ = {isa = PBXFileReference; lastKnownFileType = sourcecode.swift; path = AppDelegate.swift; sourceTree = "<group>"; };
		1A7706581C0722E8002DCD24 /* ViewController.swift */ = {isa = PBXFileReference; lastKnownFileType = sourcecode.swift; path = ViewController.swift; sourceTree = "<group>"; };
		1A77065B1C0722E8002DCD24 /* Base */ = {isa = PBXFileReference; lastKnownFileType = file.storyboard; name = Base; path = Base.lproj/Main.storyboard; sourceTree = "<group>"; };
		1A77065D1C0722E8002DCD24 /* Assets.xcassets */ = {isa = PBXFileReference; lastKnownFileType = folder.assetcatalog; path = Assets.xcassets; sourceTree = "<group>"; };
		1A7706601C0722E8002DCD24 /* Base */ = {isa = PBXFileReference; lastKnownFileType = file.storyboard; name = Base; path = Base.lproj/LaunchScreen.storyboard; sourceTree = "<group>"; };
		1A7706621C0722E8002DCD24 /* Info.plist */ = {isa = PBXFileReference; lastKnownFileType = text.plist.xml; path = Info.plist; sourceTree = "<group>"; };
		1A7706671C0722E8002DCD24 /* Geo TellingTests.xctest */ = {isa = PBXFileReference; explicitFileType = wrapper.cfbundle; includeInIndex = 0; path = "Geo TellingTests.xctest"; sourceTree = BUILT_PRODUCTS_DIR; };
		1A77066B1C0722E8002DCD24 /* Geo_TellingTests.swift */ = {isa = PBXFileReference; lastKnownFileType = sourcecode.swift; path = Geo_TellingTests.swift; sourceTree = "<group>"; };
		1A77066D1C0722E8002DCD24 /* Info.plist */ = {isa = PBXFileReference; lastKnownFileType = text.plist.xml; path = Info.plist; sourceTree = "<group>"; };
		1A7706721C0722E8002DCD24 /* Geo TellingUITests.xctest */ = {isa = PBXFileReference; explicitFileType = wrapper.cfbundle; includeInIndex = 0; path = "Geo TellingUITests.xctest"; sourceTree = BUILT_PRODUCTS_DIR; };
		1A7706761C0722E8002DCD24 /* Geo_TellingUITests.swift */ = {isa = PBXFileReference; lastKnownFileType = sourcecode.swift; path = Geo_TellingUITests.swift; sourceTree = "<group>"; };
		1A7706781C0722E8002DCD24 /* Info.plist */ = {isa = PBXFileReference; lastKnownFileType = text.plist.xml; path = Info.plist; sourceTree = "<group>"; };
		1AC8DE581C0F88070000C089 /* FILLER BOOK TWO.png */ = {isa = PBXFileReference; lastKnownFileType = image.png; path = "FILLER BOOK TWO.png"; sourceTree = "<group>"; };
		1AC8DE5A1C0F91D10000C089 /* FILLER BOOKS TWO.png */ = {isa = PBXFileReference; lastKnownFileType = image.png; path = "FILLER BOOKS TWO.png"; sourceTree = "<group>"; };
		1AD7E1B81C0CF05B00FEC07D /* BOOK FOUR.png */ = {isa = PBXFileReference; lastKnownFileType = image.png; path = "BOOK FOUR.png"; sourceTree = "<group>"; };
		1AD7E1B91C0CF05B00FEC07D /* BOOK THREE.png */ = {isa = PBXFileReference; lastKnownFileType = image.png; path = "BOOK THREE.png"; sourceTree = "<group>"; };
		1AD7E1BA1C0CF05B00FEC07D /* BOOK TWO.png */ = {isa = PBXFileReference; lastKnownFileType = image.png; path = "BOOK TWO.png"; sourceTree = "<group>"; };
		1AD7E1BB1C0CF05B00FEC07D /* BOOK ONE.png */ = {isa = PBXFileReference; lastKnownFileType = image.png; path = "BOOK ONE.png"; sourceTree = "<group>"; };
		1AD7E1C01C0CF29B00FEC07D /* BACKGROUND.png */ = {isa = PBXFileReference; lastKnownFileType = image.png; path = BACKGROUND.png; sourceTree = "<group>"; };
		1AD7E1C41C0CF42200FEC07D /* FILLER BOOKS.png */ = {isa = PBXFileReference; lastKnownFileType = image.png; path = "FILLER BOOKS.png"; sourceTree = "<group>"; };
		1AD7E1C61C0CF85D00FEC07D /* FILLER BOOK.png */ = {isa = PBXFileReference; lastKnownFileType = image.png; path = "FILLER BOOK.png"; sourceTree = "<group>"; };
		1AD7E1C81C0D02D200FEC07D /* SHELF.png */ = {isa = PBXFileReference; lastKnownFileType = image.png; path = SHELF.png; sourceTree = "<group>"; };
/* End PBXFileReference section */

/* Begin PBXFrameworksBuildPhase section */
		1A7706501C0722E8002DCD24 /* Frameworks */ = {
			isa = PBXFrameworksBuildPhase;
			buildActionMask = 2147483647;
			files = (
			);
			runOnlyForDeploymentPostprocessing = 0;
		};
		1A7706641C0722E8002DCD24 /* Frameworks */ = {
			isa = PBXFrameworksBuildPhase;
			buildActionMask = 2147483647;
			files = (
			);
			runOnlyForDeploymentPostprocessing = 0;
		};
		1A77066F1C0722E8002DCD24 /* Frameworks */ = {
			isa = PBXFrameworksBuildPhase;
			buildActionMask = 2147483647;
			files = (
			);
			runOnlyForDeploymentPostprocessing = 0;
		};
/* End PBXFrameworksBuildPhase section */

/* Begin PBXGroup section */
		1A77064A1C0722E8002DCD24 = {
			isa = PBXGroup;
			children = (
				1A4497391C07B81700D0E2D5 /* BournemouthLoop.gpx */,
				1A7706551C0722E8002DCD24 /* Geo Telling */,
				1A77066A1C0722E8002DCD24 /* Geo TellingTests */,
				1A7706751C0722E8002DCD24 /* Geo TellingUITests */,
				1A7706541C0722E8002DCD24 /* Products */,
			);
			sourceTree = "<group>";
		};
		1A7706541C0722E8002DCD24 /* Products */ = {
			isa = PBXGroup;
			children = (
				1A7706531C0722E8002DCD24 /* Geo Telling.app */,
				1A7706671C0722E8002DCD24 /* Geo TellingTests.xctest */,
				1A7706721C0722E8002DCD24 /* Geo TellingUITests.xctest */,
			);
			name = Products;
			sourceTree = "<group>";
		};
		1A7706551C0722E8002DCD24 /* Geo Telling */ = {
			isa = PBXGroup;
			children = (
				1A7706561C0722E8002DCD24 /* AppDelegate.swift */,
				1A7706581C0722E8002DCD24 /* ViewController.swift */,
				1A381D771C0E2D07009C33E5 /* StoryViewController.swift */,
				1A4497371C07946F00D0E2D5 /* NavigationViewController.swift */,
				1A381D791C0E346C009C33E5 /* LocationViewController.swift */,
				1A77065A1C0722E8002DCD24 /* Main.storyboard */,
				1A77065D1C0722E8002DCD24 /* Assets.xcassets */,
				1A4497311C0780FD00D0E2D5 /* nav.png */,
				1A0136761C2461010029FE1E /* info.png */,
				1AD7E1C01C0CF29B00FEC07D /* BACKGROUND.png */,
				1AD7E1B81C0CF05B00FEC07D /* BOOK FOUR.png */,
				1AD7E1B91C0CF05B00FEC07D /* BOOK THREE.png */,
				1AD7E1BA1C0CF05B00FEC07D /* BOOK TWO.png */,
				1AD7E1BB1C0CF05B00FEC07D /* BOOK ONE.png */,
				1A4497321C0780FD00D0E2D5 /* book.png */,
				1AD7E1C81C0D02D200FEC07D /* SHELF.png */,
				1AD7E1C61C0CF85D00FEC07D /* FILLER BOOK.png */,
				1AD7E1C41C0CF42200FEC07D /* FILLER BOOKS.png */,
				1AC8DE5A1C0F91D10000C089 /* FILLER BOOKS TWO.png */,
				1AC8DE581C0F88070000C089 /* FILLER BOOK TWO.png */,
				1A381D7B1C0E48CE009C33E5 /* PAGE TEN.png */,
				1A381D7C1C0E48CE009C33E5 /* PAGE NINE.png */,
				1A381D7D1C0E48CE009C33E5 /* PAGE SEVEN.png */,
				1A381D7E1C0E48CE009C33E5 /* PAGE EIGHT.png */,
				1A381D7F1C0E48CE009C33E5 /* PAGE SIX.png */,
				1A381D801C0E48CE009C33E5 /* PAGE FIVE.png */,
				1A381D811C0E48CE009C33E5 /* PAGE FOUR.png */,
				1A381D821C0E48CE009C33E5 /* PAGE THREE.png */,
				1A381D831C0E48CE009C33E5 /* PAGE TWO.png */,
				1A381D841C0E48CE009C33E5 /* PAGE ONE.png */,
				1A4497251C07759900D0E2D5 /* 29x29.png */,
				1A4497271C0775AE00D0E2D5 /* 40x40.png */,
				1A4497211C0774B500D0E2D5 /* 58x58.png */,
				1A4497131C0773EA00D0E2D5 /* 76x76.png */,
				1A4497231C07750900D0E2D5 /* 80x80.png */,
				1A44972B1C07776000D0E2D5 /* 87x87.png */,
				1A4497141C0773EA00D0E2D5 /* 120x120.png */,
				1A4497151C0773EA00D0E2D5 /* 152x152.png */,
				1A4497161C0773EA00D0E2D5 /* 167x167.png */,
				1A4497171C0773EA00D0E2D5 /* 180x180.png */,
				1A4497181C0773EA00D0E2D5 /* 1024x1024.png */,
				1A4497191C0773EA00D0E2D5 /* 1024x1024.psd */,
				1A77065F1C0722E8002DCD24 /* LaunchScreen.storyboard */,
				1A4497351C078AEF00D0E2D5 /* loading.png */,
				1A7706621C0722E8002DCD24 /* Info.plist */,
			);
			path = "Geo Telling";
			sourceTree = "<group>";
		};
		1A77066A1C0722E8002DCD24 /* Geo TellingTests */ = {
			isa = PBXGroup;
			children = (
				1A77066B1C0722E8002DCD24 /* Geo_TellingTests.swift */,
				1A77066D1C0722E8002DCD24 /* Info.plist */,
			);
			path = "Geo TellingTests";
			sourceTree = "<group>";
		};
		1A7706751C0722E8002DCD24 /* Geo TellingUITests */ = {
			isa = PBXGroup;
			children = (
				1A7706761C0722E8002DCD24 /* Geo_TellingUITests.swift */,
				1A7706781C0722E8002DCD24 /* Info.plist */,
			);
			path = "Geo TellingUITests";
			sourceTree = "<group>";
		};
/* End PBXGroup section */

/* Begin PBXNativeTarget section */
		1A7706521C0722E8002DCD24 /* Geo Telling */ = {
			isa = PBXNativeTarget;
			buildConfigurationList = 1A77067B1C0722E8002DCD24 /* Build configuration list for PBXNativeTarget "Geo Telling" */;
			buildPhases = (
				1A77064F1C0722E8002DCD24 /* Sources */,
				1A7706501C0722E8002DCD24 /* Frameworks */,
				1A7706511C0722E8002DCD24 /* Resources */,
			);
			buildRules = (
			);
			dependencies = (
			);
			name = "Geo Telling";
			productName = "Geo Telling";
			productReference = 1A7706531C0722E8002DCD24 /* Geo Telling.app */;
			productType = "com.apple.product-type.application";
		};
		1A7706661C0722E8002DCD24 /* Geo TellingTests */ = {
			isa = PBXNativeTarget;
			buildConfigurationList = 1A77067E1C0722E8002DCD24 /* Build configuration list for PBXNativeTarget "Geo TellingTests" */;
			buildPhases = (
				1A7706631C0722E8002DCD24 /* Sources */,
				1A7706641C0722E8002DCD24 /* Frameworks */,
				1A7706651C0722E8002DCD24 /* Resources */,
			);
			buildRules = (
			);
			dependencies = (
				1A7706691C0722E8002DCD24 /* PBXTargetDependency */,
			);
			name = "Geo TellingTests";
			productName = "Geo TellingTests";
			productReference = 1A7706671C0722E8002DCD24 /* Geo TellingTests.xctest */;
			productType = "com.apple.product-type.bundle.unit-test";
		};
		1A7706711C0722E8002DCD24 /* Geo TellingUITests */ = {
			isa = PBXNativeTarget;
			buildConfigurationList = 1A7706811C0722E8002DCD24 /* Build configuration list for PBXNativeTarget "Geo TellingUITests" */;
			buildPhases = (
				1A77066E1C0722E8002DCD24 /* Sources */,
				1A77066F1C0722E8002DCD24 /* Frameworks */,
				1A7706701C0722E8002DCD24 /* Resources */,
			);
			buildRules = (
			);
			dependencies = (
				1A7706741C0722E8002DCD24 /* PBXTargetDependency */,
			);
			name = "Geo TellingUITests";
			productName = "Geo TellingUITests";
			productReference = 1A7706721C0722E8002DCD24 /* Geo TellingUITests.xctest */;
			productType = "com.apple.product-type.bundle.ui-testing";
		};
/* End PBXNativeTarget section */

/* Begin PBXProject section */
		1A77064B1C0722E8002DCD24 /* Project object */ = {
			isa = PBXProject;
			attributes = {
				LastSwiftUpdateCheck = 0710;
				LastUpgradeCheck = 0710;
				ORGANIZATIONNAME = "Verity Cannings";
				TargetAttributes = {
					1A7706521C0722E8002DCD24 = {
						CreatedOnToolsVersion = 7.1.1;
						DevelopmentTeam = X2CD59M7PA;
					};
					1A7706661C0722E8002DCD24 = {
						CreatedOnToolsVersion = 7.1.1;
						TestTargetID = 1A7706521C0722E8002DCD24;
					};
					1A7706711C0722E8002DCD24 = {
						CreatedOnToolsVersion = 7.1.1;
						TestTargetID = 1A7706521C0722E8002DCD24;
					};
				};
			};
			buildConfigurationList = 1A77064E1C0722E8002DCD24 /* Build configuration list for PBXProject "Geo Telling" */;
			compatibilityVersion = "Xcode 3.2";
			developmentRegion = English;
			hasScannedForEncodings = 0;
			knownRegions = (
				en,
				Base,
			);
			mainGroup = 1A77064A1C0722E8002DCD24;
			productRefGroup = 1A7706541C0722E8002DCD24 /* Products */;
			projectDirPath = "";
			projectRoot = "";
			targets = (
				1A7706521C0722E8002DCD24 /* Geo Telling */,
				1A7706661C0722E8002DCD24 /* Geo TellingTests */,
				1A7706711C0722E8002DCD24 /* Geo TellingUITests */,
			);
		};
/* End PBXProject section */

/* Begin PBXResourcesBuildPhase section */
		1A7706511C0722E8002DCD24 /* Resources */ = {
			isa = PBXResourcesBuildPhase;
			buildActionMask = 2147483647;
			files = (
				1AD7E1BE1C0CF05B00FEC07D /* BOOK TWO.png in Resources */,
				1AD7E1BD1C0CF05B00FEC07D /* BOOK THREE.png in Resources */,
				1A4497361C078AEF00D0E2D5 /* loading.png in Resources */,
				1A381D8C1C0E48CE009C33E5 /* PAGE THREE.png in Resources */,
				1A381D8B1C0E48CE009C33E5 /* PAGE FOUR.png in Resources */,
				1A4497241C07750900D0E2D5 /* 80x80.png in Resources */,
				1A381D8D1C0E48CE009C33E5 /* PAGE TWO.png in Resources */,
				1A44971E1C0773EA00D0E2D5 /* 180x180.png in Resources */,
				1A4497341C0780FD00D0E2D5 /* book.png in Resources */,
				1A381D881C0E48CE009C33E5 /* PAGE EIGHT.png in Resources */,
				1AD7E1C91C0D02D200FEC07D /* SHELF.png in Resources */,
				1A381D871C0E48CE009C33E5 /* PAGE SEVEN.png in Resources */,
				1A44972C1C07776000D0E2D5 /* 87x87.png in Resources */,
				1AD7E1BC1C0CF05B00FEC07D /* BOOK FOUR.png in Resources */,
				1A4497261C07759900D0E2D5 /* 29x29.png in Resources */,
				1AD7E1C11C0CF29B00FEC07D /* BACKGROUND.png in Resources */,
				1A44971C1C0773EA00D0E2D5 /* 152x152.png in Resources */,
				1AC8DE5B1C0F91D10000C089 /* FILLER BOOKS TWO.png in Resources */,
				1A44973A1C07B81700D0E2D5 /* BournemouthLoop.gpx in Resources */,
				1A381D8A1C0E48CE009C33E5 /* PAGE FIVE.png in Resources */,
				1AD7E1BF1C0CF05B00FEC07D /* BOOK ONE.png in Resources */,
				1A381D891C0E48CE009C33E5 /* PAGE SIX.png in Resources */,
				1A44971D1C0773EA00D0E2D5 /* 167x167.png in Resources */,
				1AD7E1C71C0CF85D00FEC07D /* FILLER BOOK.png in Resources */,
				1A381D8E1C0E48CE009C33E5 /* PAGE ONE.png in Resources */,
				1A7706611C0722E8002DCD24 /* LaunchScreen.storyboard in Resources */,
				1AC8DE591C0F88070000C089 /* FILLER BOOK TWO.png in Resources */,
				1A77065E1C0722E8002DCD24 /* Assets.xcassets in Resources */,
				1A44971B1C0773EA00D0E2D5 /* 120x120.png in Resources */,
				1A44971F1C0773EA00D0E2D5 /* 1024x1024.png in Resources */,
				1A4497221C0774B500D0E2D5 /* 58x58.png in Resources */,
				1A0136771C2461010029FE1E /* info.png in Resources */,
				1A44971A1C0773EA00D0E2D5 /* 76x76.png in Resources */,
				1A4497331C0780FD00D0E2D5 /* nav.png in Resources */,
				1AD7E1C51C0CF42200FEC07D /* FILLER BOOKS.png in Resources */,
				1A4497201C0773EA00D0E2D5 /* 1024x1024.psd in Resources */,
				1A4497281C0775AE00D0E2D5 /* 40x40.png in Resources */,
				1A381D861C0E48CE009C33E5 /* PAGE NINE.png in Resources */,
				1A77065C1C0722E8002DCD24 /* Main.storyboard in Resources */,
				1A381D851C0E48CE009C33E5 /* PAGE TEN.png in Resources */,
			);
			runOnlyForDeploymentPostprocessing = 0;
		};
		1A7706651C0722E8002DCD24 /* Resources */ = {
			isa = PBXResourcesBuildPhase;
			buildActionMask = 2147483647;
			files = (
			);
			runOnlyForDeploymentPostprocessing = 0;
		};
		1A7706701C0722E8002DCD24 /* Resources */ = {
			isa = PBXResourcesBuildPhase;
			buildActionMask = 2147483647;
			files = (
			);
			runOnlyForDeploymentPostprocessing = 0;
		};
/* End PBXResourcesBuildPhase section */

/* Begin PBXSourcesBuildPhase section */
		1A77064F1C0722E8002DCD24 /* Sources */ = {
			isa = PBXSourcesBuildPhase;
			buildActionMask = 2147483647;
			files = (
				1A381D7A1C0E346C009C33E5 /* LocationViewController.swift in Sources */,
				1A381D781C0E2D07009C33E5 /* StoryViewController.swift in Sources */,
				1A4497381C07946F00D0E2D5 /* NavigationViewController.swift in Sources */,
				1A7706591C0722E8002DCD24 /* ViewController.swift in Sources */,
				1A7706571C0722E8002DCD24 /* AppDelegate.swift in Sources */,
			);
			runOnlyForDeploymentPostprocessing = 0;
		};
		1A7706631C0722E8002DCD24 /* Sources */ = {
			isa = PBXSourcesBuildPhase;
			buildActionMask = 2147483647;
			files = (
				1A77066C1C0722E8002DCD24 /* Geo_TellingTests.swift in Sources */,
			);
			runOnlyForDeploymentPostprocessing = 0;
		};
		1A77066E1C0722E8002DCD24 /* Sources */ = {
			isa = PBXSourcesBuildPhase;
			buildActionMask = 2147483647;
			files = (
				1A7706771C0722E8002DCD24 /* Geo_TellingUITests.swift in Sources */,
			);
			runOnlyForDeploymentPostprocessing = 0;
		};
/* End PBXSourcesBuildPhase section */

/* Begin PBXTargetDependency section */
		1A7706691C0722E8002DCD24 /* PBXTargetDependency */ = {
			isa = PBXTargetDependency;
			target = 1A7706521C0722E8002DCD24 /* Geo Telling */;
			targetProxy = 1A7706681C0722E8002DCD24 /* PBXContainerItemProxy */;
		};
		1A7706741C0722E8002DCD24 /* PBXTargetDependency */ = {
			isa = PBXTargetDependency;
			target = 1A7706521C0722E8002DCD24 /* Geo Telling */;
			targetProxy = 1A7706731C0722E8002DCD24 /* PBXContainerItemProxy */;
		};
/* End PBXTargetDependency section */

/* Begin PBXVariantGroup section */
		1A77065A1C0722E8002DCD24 /* Main.storyboard */ = {
			isa = PBXVariantGroup;
			children = (
				1A77065B1C0722E8002DCD24 /* Base */,
			);
			name = Main.storyboard;
			sourceTree = "<group>";
		};
		1A77065F1C0722E8002DCD24 /* LaunchScreen.storyboard */ = {
			isa = PBXVariantGroup;
			children = (
				1A7706601C0722E8002DCD24 /* Base */,
			);
			name = LaunchScreen.storyboard;
			sourceTree = "<group>";
		};
/* End PBXVariantGroup section */

/* Begin XCBuildConfiguration section */
		1A7706791C0722E8002DCD24 /* Debug */ = {
			isa = XCBuildConfiguration;
			buildSettings = {
				ALWAYS_SEARCH_USER_PATHS = NO;
				CLANG_CXX_LANGUAGE_STANDARD = "gnu++0x";
				CLANG_CXX_LIBRARY = "libc++";
				CLANG_ENABLE_MODULES = YES;
				CLANG_ENABLE_OBJC_ARC = YES;
				CLANG_WARN_BOOL_CONVERSION = YES;
				CLANG_WARN_CONSTANT_CONVERSION = YES;
				CLANG_WARN_DIRECT_OBJC_ISA_USAGE = YES_ERROR;
				CLANG_WARN_EMPTY_BODY = YES;
				CLANG_WARN_ENUM_CONVERSION = YES;
				CLANG_WARN_INT_CONVERSION = YES;
				CLANG_WARN_OBJC_ROOT_CLASS = YES_ERROR;
				CLANG_WARN_UNREACHABLE_CODE = YES;
				CLANG_WARN__DUPLICATE_METHOD_MATCH = YES;
				"CODE_SIGN_IDENTITY[sdk=iphoneos*]" = "iPhone Developer";
				COPY_PHASE_STRIP = NO;
				DEBUG_INFORMATION_FORMAT = dwarf;
				ENABLE_STRICT_OBJC_MSGSEND = YES;
				ENABLE_TESTABILITY = YES;
				GCC_C_LANGUAGE_STANDARD = gnu99;
				GCC_DYNAMIC_NO_PIC = NO;
				GCC_NO_COMMON_BLOCKS = YES;
				GCC_OPTIMIZATION_LEVEL = 0;
				GCC_PREPROCESSOR_DEFINITIONS = (
					"DEBUG=1",
					"$(inherited)",
				);
				GCC_WARN_64_TO_32_BIT_CONVERSION = YES;
				GCC_WARN_ABOUT_RETURN_TYPE = YES_ERROR;
				GCC_WARN_UNDECLARED_SELECTOR = YES;
				GCC_WARN_UNINITIALIZED_AUTOS = YES_AGGRESSIVE;
				GCC_WARN_UNUSED_FUNCTION = YES;
				GCC_WARN_UNUSED_VARIABLE = YES;
				IPHONEOS_DEPLOYMENT_TARGET = 9.1;
				MTL_ENABLE_DEBUG_INFO = YES;
				ONLY_ACTIVE_ARCH = YES;
				SDKROOT = iphoneos;
				SWIFT_OPTIMIZATION_LEVEL = "-Onone";
				TARGETED_DEVICE_FAMILY = "1,2";
			};
			name = Debug;
		};
		1A77067A1C0722E8002DCD24 /* Release */ = {
			isa = XCBuildConfiguration;
			buildSettings = {
				ALWAYS_SEARCH_USER_PATHS = NO;
				CLANG_CXX_LANGUAGE_STANDARD = "gnu++0x";
				CLANG_CXX_LIBRARY = "libc++";
				CLANG_ENABLE_MODULES = YES;
				CLANG_ENABLE_OBJC_ARC = YES;
				CLANG_WARN_BOOL_CONVERSION = YES;
				CLANG_WARN_CONSTANT_CONVERSION = YES;
				CLANG_WARN_DIRECT_OBJC_ISA_USAGE = YES_ERROR;
				CLANG_WARN_EMPTY_BODY = YES;
				CLANG_WARN_ENUM_CONVERSION = YES;
				CLANG_WARN_INT_CONVERSION = YES;
				CLANG_WARN_OBJC_ROOT_CLASS = YES_ERROR;
				CLANG_WARN_UNREACHABLE_CODE = YES;
				CLANG_WARN__DUPLICATE_METHOD_MATCH = YES;
				"CODE_SIGN_IDENTITY[sdk=iphoneos*]" = "iPhone Developer";
				COPY_PHASE_STRIP = NO;
				DEBUG_INFORMATION_FORMAT = "dwarf-with-dsym";
				ENABLE_NS_ASSERTIONS = NO;
				ENABLE_STRICT_OBJC_MSGSEND = YES;
				GCC_C_LANGUAGE_STANDARD = gnu99;
				GCC_NO_COMMON_BLOCKS = YES;
				GCC_WARN_64_TO_32_BIT_CONVERSION = YES;
				GCC_WARN_ABOUT_RETURN_TYPE = YES_ERROR;
				GCC_WARN_UNDECLARED_SELECTOR = YES;
				GCC_WARN_UNINITIALIZED_AUTOS = YES_AGGRESSIVE;
				GCC_WARN_UNUSED_FUNCTION = YES;
				GCC_WARN_UNUSED_VARIABLE = YES;
				IPHONEOS_DEPLOYMENT_TARGET = 9.1;
				MTL_ENABLE_DEBUG_INFO = NO;
				SDKROOT = iphoneos;
				TARGETED_DEVICE_FAMILY = "1,2";
				VALIDATE_PRODUCT = YES;
			};
			name = Release;
		};
		1A77067C1C0722E8002DCD24 /* Debug */ = {
			isa = XCBuildConfiguration;
			buildSettings = {
				ASSETCATALOG_COMPILER_APPICON_NAME = AppIcon;
				CODE_SIGN_IDENTITY = "iPhone Developer";
				"CODE_SIGN_IDENTITY[sdk=iphoneos*]" = "iPhone Developer";
				INFOPLIST_FILE = "Geo Telling/Info.plist";
				IPHONEOS_DEPLOYMENT_TARGET = 9.0;
				LD_RUNPATH_SEARCH_PATHS = "$(inherited) @executable_path/Frameworks";
				PRODUCT_BUNDLE_IDENTIFIER = "co.ukverity-cannings.Geo-Telling";
				PRODUCT_NAME = "$(TARGET_NAME)";
				PROVISIONING_PROFILE = "";
			};
			name = Debug;
		};
		1A77067D1C0722E8002DCD24 /* Release */ = {
			isa = XCBuildConfiguration;
			buildSettings = {
				ASSETCATALOG_COMPILER_APPICON_NAME = AppIcon;
				CODE_SIGN_IDENTITY = "iPhone Developer";
				"CODE_SIGN_IDENTITY[sdk=iphoneos*]" = "iPhone Developer";
				INFOPLIST_FILE = "Geo Telling/Info.plist";
				IPHONEOS_DEPLOYMENT_TARGET = 9.0;
				LD_RUNPATH_SEARCH_PATHS = "$(inherited) @executable_path/Frameworks";
				PRODUCT_BUNDLE_IDENTIFIER = "co.ukverity-cannings.Geo-Telling";
				PRODUCT_NAME = "$(TARGET_NAME)";
				PROVISIONING_PROFILE = "";
			};
			name = Release;
		};
		1A77067F1C0722E8002DCD24 /* Debug */ = {
			isa = XCBuildConfiguration;
			buildSettings = {
				BUNDLE_LOADER = "$(TEST_HOST)";
				INFOPLIST_FILE = "Geo TellingTests/Info.plist";
				LD_RUNPATH_SEARCH_PATHS = "$(inherited) @executable_path/Frameworks @loader_path/Frameworks";
				PRODUCT_BUNDLE_IDENTIFIER = "co.ukverity-cannings.Geo-TellingTests";
				PRODUCT_NAME = "$(TARGET_NAME)";
				TEST_HOST = "$(BUILT_PRODUCTS_DIR)/Geo Telling.app/Geo Telling";
			};
			name = Debug;
		};
		1A7706801C0722E8002DCD24 /* Release */ = {
			isa = XCBuildConfiguration;
			buildSettings = {
				BUNDLE_LOADER = "$(TEST_HOST)";
				INFOPLIST_FILE = "Geo TellingTests/Info.plist";
				LD_RUNPATH_SEARCH_PATHS = "$(inherited) @executable_path/Frameworks @loader_path/Frameworks";
				PRODUCT_BUNDLE_IDENTIFIER = "co.ukverity-cannings.Geo-TellingTests";
				PRODUCT_NAME = "$(TARGET_NAME)";
				TEST_HOST = "$(BUILT_PRODUCTS_DIR)/Geo Telling.app/Geo Telling";
			};
			name = Release;
		};
		1A7706821C0722E8002DCD24 /* Debug */ = {
			isa = XCBuildConfiguration;
			buildSettings = {
				INFOPLIST_FILE = "Geo TellingUITests/Info.plist";
				LD_RUNPATH_SEARCH_PATHS = "$(inherited) @executable_path/Frameworks @loader_path/Frameworks";
				PRODUCT_BUNDLE_IDENTIFIER = "co.ukverity-cannings.Geo-TellingUITests";
				PRODUCT_NAME = "$(TARGET_NAME)";
				TEST_TARGET_NAME = "Geo Telling";
				USES_XCTRUNNER = YES;
			};
			name = Debug;
		};
		1A7706831C0722E8002DCD24 /* Release */ = {
			isa = XCBuildConfiguration;
			buildSettings = {
				INFOPLIST_FILE = "Geo TellingUITests/Info.plist";
				LD_RUNPATH_SEARCH_PATHS = "$(inherited) @executable_path/Frameworks @loader_path/Frameworks";
				PRODUCT_BUNDLE_IDENTIFIER = "co.ukverity-cannings.Geo-TellingUITests";
				PRODUCT_NAME = "$(TARGET_NAME)";
				TEST_TARGET_NAME = "Geo Telling";
				USES_XCTRUNNER = YES;
			};
			name = Release;
		};
/* End XCBuildConfiguration section */

/* Begin XCConfigurationList section */
		1A77064E1C0722E8002DCD24 /* Build configuration list for PBXProject "Geo Telling" */ = {
			isa = XCConfigurationList;
			buildConfigurations = (
				1A7706791C0722E8002DCD24 /* Debug */,
				1A77067A1C0722E8002DCD24 /* Release */,
			);
			defaultConfigurationIsVisible = 0;
			defaultConfigurationName = Release;
		};
		1A77067B1C0722E8002DCD24 /* Build configuration list for PBXNativeTarget "Geo Telling" */ = {
			isa = XCConfigurationList;
			buildConfigurations = (
				1A77067C1C0722E8002DCD24 /* Debug */,
				1A77067D1C0722E8002DCD24 /* Release */,
			);
			defaultConfigurationIsVisible = 0;
			defaultConfigurationName = Release;
		};
		1A77067E1C0722E8002DCD24 /* Build configuration list for PBXNativeTarget "Geo TellingTests" */ = {
			isa = XCConfigurationList;
			buildConfigurations = (
				1A77067F1C0722E8002DCD24 /* Debug */,
				1A7706801C0722E8002DCD24 /* Release */,
			);
			defaultConfigurationIsVisible = 0;
			defaultConfigurationName = Release;
		};
		1A7706811C0722E8002DCD24 /* Build configuration list for PBXNativeTarget "Geo TellingUITests" */ = {
			isa = XCConfigurationList;
			buildConfigurations = (
				1A7706821C0722E8002DCD24 /* Debug */,
				1A7706831C0722E8002DCD24 /* Release */,
			);
			defaultConfigurationIsVisible = 0;
			defaultConfigurationName = Release;
		};
/* End XCConfigurationList section */
	};
	rootObject = 1A77064B1C0722E8002DCD24 /* Project object */;
}
